
Microsoft Visual Studio Solution File, Format Version 12.00
# Visual Studio Version 16
VisualStudioVersion = 16.0.28922.388
MinimumVisualStudioVersion = 10.0.40219.1
Project("{FAE04EC0-301F-11D3-BF4B-00C04F79EFBC}") = "GetAdventure", "GetAdventure\GetAdventure.csproj", "{30C90482-17F4-4BA7-BADB-A933DFCD1693}"
EndProject
Global
	GlobalSection(SolutionConfigurationPlatforms) = preSolution
		Debug|Any CPU = Debug|Any CPU
		Release|Any CPU = Release|Any CPU
	EndGlobalSection
	GlobalSection(ProjectConfigurationPlatforms) = postSolution
		{30C90482-17F4-4BA7-BADB-A933DFCD1693}.Debug|Any CPU.ActiveCfg = Debug|Any CPU
		{30C90482-17F4-4BA7-BADB-A933DFCD1693}.Debug|Any CPU.Build.0 = Debug|Any CPU
		{30C90482-17F4-4BA7-BADB-A933DFCD1693}.Release|Any CPU.ActiveCfg = Release|Any CPU
		{30C90482-17F4-4BA7-BADB-A933DFCD1693}.Release|Any CPU.Build.0 = Release|Any CPU
	EndGlobalSection
	GlobalSection(SolutionProperties) = preSolution
		HideSolutionNode = FALSE
	EndGlobalSection
	GlobalSection(ExtensibilityGlobals) = postSolution
		SolutionGuid = {2A83BAA2-E66E-485A-85CD-943FE85AAFD2}
	EndGlobalSection
EndGlobal
